
Microsoft Visual Studio Solution File, Format Version 12.00
# Visual Studio Version 17
VisualStudioVersion = 17.3.32929.385
MinimumVisualStudioVersion = 10.0.40219.1
Project("{8BC9CEB8-8B4A-11D0-8D11-00A0C91BC942}") = "设计实现大整数类", "设计实现大整数类.vcxproj", "{B7A2D658-52F5-4D55-9279-408106F9C461}"
EndProject
Global
	GlobalSection(SolutionConfigurationPlatforms) = preSolution
		Debug|x64 = Debug|x64
		Debug|x86 = Debug|x86
		Release|x64 = Release|x64
		Release|x86 = Release|x86
	EndGlobalSection
	GlobalSection(ProjectConfigurationPlatforms) = postSolution
		{B7A2D658-52F5-4D55-9279-408106F9C461}.Debug|x64.ActiveCfg = Debug|x64
		{B7A2D658-52F5-4D55-9279-408106F9C461}.Debug|x64.Build.0 = Debug|x64
		{B7A2D658-52F5-4D55-9279-408106F9C461}.Debug|x86.ActiveCfg = Debug|Win32
		{B7A2D658-52F5-4D55-9279-408106F9C461}.Debug|x86.Build.0 = Debug|Win32
		{B7A2D658-52F5-4D55-9279-408106F9C461}.Release|x64.ActiveCfg = Release|x64
		{B7A2D658-52F5-4D55-9279-408106F9C461}.Release|x64.Build.0 = Release|x64
		{B7A2D658-52F5-4D55-9279-408106F9C461}.Release|x86.ActiveCfg = Release|Win32
		{B7A2D658-52F5-4D55-9279-408106F9C461}.Release|x86.Build.0 = Release|Win32
	EndGlobalSection
	GlobalSection(SolutionProperties) = preSolution
		HideSolutionNode = FALSE
	EndGlobalSection
	GlobalSection(ExtensibilityGlobals) = postSolution
		SolutionGuid = {22D060F8-2EB2-4704-BD7C-B5FFB5A59FFC}
	EndGlobalSection
EndGlobal
