
Microsoft Visual Studio Solution File, Format Version 12.00
# Visual Studio Version 17
VisualStudioVersion = 17.3.32929.385
MinimumVisualStudioVersion = 10.0.40219.1
Project("{8BC9CEB8-8B4A-11D0-8D11-00A0C91BC942}") = "输出矩阵两个对角线上的数(二维数组)", "输出矩阵两个对角线上的数(二维数组).vcxproj", "{B5EC3C8F-0CF6-4167-A3B5-761FD19D29DF}"
EndProject
Global
	GlobalSection(SolutionConfigurationPlatforms) = preSolution
		Debug|x64 = Debug|x64
		Debug|x86 = Debug|x86
		Release|x64 = Release|x64
		Release|x86 = Release|x86
	EndGlobalSection
	GlobalSection(ProjectConfigurationPlatforms) = postSolution
		{B5EC3C8F-0CF6-4167-A3B5-761FD19D29DF}.Debug|x64.ActiveCfg = Debug|x64
		{B5EC3C8F-0CF6-4167-A3B5-761FD19D29DF}.Debug|x64.Build.0 = Debug|x64
		{B5EC3C8F-0CF6-4167-A3B5-761FD19D29DF}.Debug|x86.ActiveCfg = Debug|Win32
		{B5EC3C8F-0CF6-4167-A3B5-761FD19D29DF}.Debug|x86.Build.0 = Debug|Win32
		{B5EC3C8F-0CF6-4167-A3B5-761FD19D29DF}.Release|x64.ActiveCfg = Release|x64
		{B5EC3C8F-0CF6-4167-A3B5-761FD19D29DF}.Release|x64.Build.0 = Release|x64
		{B5EC3C8F-0CF6-4167-A3B5-761FD19D29DF}.Release|x86.ActiveCfg = Release|Win32
		{B5EC3C8F-0CF6-4167-A3B5-761FD19D29DF}.Release|x86.Build.0 = Release|Win32
	EndGlobalSection
	GlobalSection(SolutionProperties) = preSolution
		HideSolutionNode = FALSE
	EndGlobalSection
	GlobalSection(ExtensibilityGlobals) = postSolution
		SolutionGuid = {48D6CEA3-A131-4AFD-AB89-01026E7B18DD}
	EndGlobalSection
EndGlobal
